// !$*UTF8*$!
{
	archiveVersion = 1;
	classes = {
	};
	objectVersion = 55;
	objects = {

/* Begin PBXBuildFile section */
		CDE60260281F677F00750288 /* AppDelegate.swift in Sources */ = {isa = PBXBuildFile; fileRef = CDE6025F281F677F00750288 /* AppDelegate.swift */; };
		CDE60262281F677F00750288 /* SceneDelegate.swift in Sources */ = {isa = PBXBuildFile; fileRef = CDE60261281F677F00750288 /* SceneDelegate.swift */; };
		CDE60264281F677F00750288 /* SearchViewController.swift in Sources */ = {isa = PBXBuildFile; fileRef = CDE60263281F677F00750288 /* SearchViewController.swift */; };
		CDE60269281F677F00750288 /* Assets.xcassets in Resources */ = {isa = PBXBuildFile; fileRef = CDE60268281F677F00750288 /* Assets.xcassets */; };
		CDE6026C281F677F00750288 /* LaunchScreen.storyboard in Resources */ = {isa = PBXBuildFile; fileRef = CDE6026A281F677F00750288 /* LaunchScreen.storyboard */; };
		CDE60277281F678000750288 /* GifSearchTests.swift in Sources */ = {isa = PBXBuildFile; fileRef = CDE60276281F678000750288 /* GifSearchTests.swift */; };
		CDE60298281F6AB700750288 /* NetworkManager.swift in Sources */ = {isa = PBXBuildFile; fileRef = CDE60297281F6AB700750288 /* NetworkManager.swift */; };
		CDE6029A281F6BB400750288 /* NetworkError.swift in Sources */ = {isa = PBXBuildFile; fileRef = CDE60299281F6BB400750288 /* NetworkError.swift */; };
		CDE602A0281F6F6E00750288 /* SearchResponse.swift in Sources */ = {isa = PBXBuildFile; fileRef = CDE6029F281F6F6E00750288 /* SearchResponse.swift */; };
		CDE602A2281F841E00750288 /* GIFData.swift in Sources */ = {isa = PBXBuildFile; fileRef = CDE602A1281F841E00750288 /* GIFData.swift */; };
		CDE602A4281F843A00750288 /* User.swift in Sources */ = {isa = PBXBuildFile; fileRef = CDE602A3281F843A00750288 /* User.swift */; };
		CDE602A6281F847D00750288 /* MetaData.swift in Sources */ = {isa = PBXBuildFile; fileRef = CDE602A5281F847D00750288 /* MetaData.swift */; };
		CDE602AA281F849500750288 /* PaginationInfo.swift in Sources */ = {isa = PBXBuildFile; fileRef = CDE602A9281F849500750288 /* PaginationInfo.swift */; };
		CDE602AC281F852100750288 /* SearchRequest.swift in Sources */ = {isa = PBXBuildFile; fileRef = CDE602AB281F852100750288 /* SearchRequest.swift */; };
		CDE602AF281F85A700750288 /* SearchRepository.swift in Sources */ = {isa = PBXBuildFile; fileRef = CDE602AE281F85A700750288 /* SearchRepository.swift */; };
		CDE602B2281F868700750288 /* API.swift in Sources */ = {isa = PBXBuildFile; fileRef = CDE602B1281F868700750288 /* API.swift */; };
		CDE602B5281F86D900750288 /* Encodable + Ex.swift in Sources */ = {isa = PBXBuildFile; fileRef = CDE602B4281F86D900750288 /* Encodable + Ex.swift */; };
		CDE602B7281F870200750288 /* SearchAPI.swift in Sources */ = {isa = PBXBuildFile; fileRef = CDE602B6281F870200750288 /* SearchAPI.swift */; };
		CDE602BB281F8B1700750288 /* GIFModel.swift in Sources */ = {isa = PBXBuildFile; fileRef = CDE602BA281F8B1700750288 /* GIFModel.swift */; };
		CDE602BE281F945500750288 /* SearchUseCase.swift in Sources */ = {isa = PBXBuildFile; fileRef = CDE602BD281F945500750288 /* SearchUseCase.swift */; };
		CDE602C0281F959600750288 /* Environment.swift in Sources */ = {isa = PBXBuildFile; fileRef = CDE602BF281F959600750288 /* Environment.swift */; };
		CDE602C4281FDE0300750288 /* SearchViewModel.swift in Sources */ = {isa = PBXBuildFile; fileRef = CDE602C3281FDE0300750288 /* SearchViewModel.swift */; };
		CDE602C7281FF32700750288 /* GIFCell.swift in Sources */ = {isa = PBXBuildFile; fileRef = CDE602C6281FF32700750288 /* GIFCell.swift */; };
		CDE602CC2820E07200750288 /* DebounceSearchBar.swift in Sources */ = {isa = PBXBuildFile; fileRef = CDE602CB2820E07200750288 /* DebounceSearchBar.swift */; };
		CDE602CE2821068100750288 /* CachingImageView.swift in Sources */ = {isa = PBXBuildFile; fileRef = CDE602CD2821068100750288 /* CachingImageView.swift */; };
		CDE602D12822133F00750288 /* DetailViewController.swift in Sources */ = {isa = PBXBuildFile; fileRef = CDE602D02822133F00750288 /* DetailViewController.swift */; };
		CDE602D3282214ED00750288 /* SearchViewPresenter.swift in Sources */ = {isa = PBXBuildFile; fileRef = CDE602D2282214ED00750288 /* SearchViewPresenter.swift */; };
/* End PBXBuildFile section */

/* Begin PBXContainerItemProxy section */
		CDE60273281F678000750288 /* PBXContainerItemProxy */ = {
			isa = PBXContainerItemProxy;
			containerPortal = CDE60254281F677F00750288 /* Project object */;
			proxyType = 1;
			remoteGlobalIDString = CDE6025B281F677F00750288;
			remoteInfo = GifSearch;
		};
/* End PBXContainerItemProxy section */

/* Begin PBXFileReference section */
		CDE6025C281F677F00750288 /* GifSearch.app */ = {isa = PBXFileReference; explicitFileType = wrapper.application; includeInIndex = 0; path = GifSearch.app; sourceTree = BUILT_PRODUCTS_DIR; };
		CDE6025F281F677F00750288 /* AppDelegate.swift */ = {isa = PBXFileReference; lastKnownFileType = sourcecode.swift; path = AppDelegate.swift; sourceTree = "<group>"; };
		CDE60261281F677F00750288 /* SceneDelegate.swift */ = {isa = PBXFileReference; lastKnownFileType = sourcecode.swift; path = SceneDelegate.swift; sourceTree = "<group>"; };
		CDE60263281F677F00750288 /* SearchViewController.swift */ = {isa = PBXFileReference; lastKnownFileType = sourcecode.swift; path = SearchViewController.swift; sourceTree = "<group>"; };
		CDE60268281F677F00750288 /* Assets.xcassets */ = {isa = PBXFileReference; lastKnownFileType = folder.assetcatalog; path = Assets.xcassets; sourceTree = "<group>"; };
		CDE6026B281F677F00750288 /* Base */ = {isa = PBXFileReference; lastKnownFileType = file.storyboard; name = Base; path = Base.lproj/LaunchScreen.storyboard; sourceTree = "<group>"; };
		CDE6026D281F677F00750288 /* Info.plist */ = {isa = PBXFileReference; lastKnownFileType = text.plist.xml; path = Info.plist; sourceTree = "<group>"; };
		CDE60272281F678000750288 /* GifSearchTests.xctest */ = {isa = PBXFileReference; explicitFileType = wrapper.cfbundle; includeInIndex = 0; path = GifSearchTests.xctest; sourceTree = BUILT_PRODUCTS_DIR; };
		CDE60276281F678000750288 /* GifSearchTests.swift */ = {isa = PBXFileReference; lastKnownFileType = sourcecode.swift; path = GifSearchTests.swift; sourceTree = "<group>"; };
		CDE60297281F6AB700750288 /* NetworkManager.swift */ = {isa = PBXFileReference; lastKnownFileType = sourcecode.swift; path = NetworkManager.swift; sourceTree = "<group>"; };
		CDE60299281F6BB400750288 /* NetworkError.swift */ = {isa = PBXFileReference; lastKnownFileType = sourcecode.swift; path = NetworkError.swift; sourceTree = "<group>"; };
		CDE6029F281F6F6E00750288 /* SearchResponse.swift */ = {isa = PBXFileReference; lastKnownFileType = sourcecode.swift; path = SearchResponse.swift; sourceTree = "<group>"; };
		CDE602A1281F841E00750288 /* GIFData.swift */ = {isa = PBXFileReference; lastKnownFileType = sourcecode.swift; path = GIFData.swift; sourceTree = "<group>"; };
		CDE602A3281F843A00750288 /* User.swift */ = {isa = PBXFileReference; lastKnownFileType = sourcecode.swift; path = User.swift; sourceTree = "<group>"; };
		CDE602A5281F847D00750288 /* MetaData.swift */ = {isa = PBXFileReference; lastKnownFileType = sourcecode.swift; path = MetaData.swift; sourceTree = "<group>"; };
		CDE602A9281F849500750288 /* PaginationInfo.swift */ = {isa = PBXFileReference; lastKnownFileType = sourcecode.swift; path = PaginationInfo.swift; sourceTree = "<group>"; };
		CDE602AB281F852100750288 /* SearchRequest.swift */ = {isa = PBXFileReference; lastKnownFileType = sourcecode.swift; path = SearchRequest.swift; sourceTree = "<group>"; };
		CDE602AE281F85A700750288 /* SearchRepository.swift */ = {isa = PBXFileReference; lastKnownFileType = sourcecode.swift; path = SearchRepository.swift; sourceTree = "<group>"; };
		CDE602B1281F868700750288 /* API.swift */ = {isa = PBXFileReference; lastKnownFileType = sourcecode.swift; path = API.swift; sourceTree = "<group>"; };
		CDE602B4281F86D900750288 /* Encodable + Ex.swift */ = {isa = PBXFileReference; lastKnownFileType = sourcecode.swift; path = "Encodable + Ex.swift"; sourceTree = "<group>"; };
		CDE602B6281F870200750288 /* SearchAPI.swift */ = {isa = PBXFileReference; lastKnownFileType = sourcecode.swift; path = SearchAPI.swift; sourceTree = "<group>"; };
		CDE602BA281F8B1700750288 /* GIFModel.swift */ = {isa = PBXFileReference; lastKnownFileType = sourcecode.swift; path = GIFModel.swift; sourceTree = "<group>"; };
		CDE602BD281F945500750288 /* SearchUseCase.swift */ = {isa = PBXFileReference; lastKnownFileType = sourcecode.swift; path = SearchUseCase.swift; sourceTree = "<group>"; };
		CDE602BF281F959600750288 /* Environment.swift */ = {isa = PBXFileReference; lastKnownFileType = sourcecode.swift; path = Environment.swift; sourceTree = "<group>"; };
		CDE602C2281F95D300750288 /* Keys.xcconfig */ = {isa = PBXFileReference; lastKnownFileType = text.xcconfig; path = Keys.xcconfig; sourceTree = "<group>"; };
		CDE602C3281FDE0300750288 /* SearchViewModel.swift */ = {isa = PBXFileReference; lastKnownFileType = sourcecode.swift; path = SearchViewModel.swift; sourceTree = "<group>"; };
		CDE602C6281FF32700750288 /* GIFCell.swift */ = {isa = PBXFileReference; lastKnownFileType = sourcecode.swift; path = GIFCell.swift; sourceTree = "<group>"; };
		CDE602CB2820E07200750288 /* DebounceSearchBar.swift */ = {isa = PBXFileReference; lastKnownFileType = sourcecode.swift; path = DebounceSearchBar.swift; sourceTree = "<group>"; };
		CDE602CD2821068100750288 /* CachingImageView.swift */ = {isa = PBXFileReference; lastKnownFileType = sourcecode.swift; path = CachingImageView.swift; sourceTree = "<group>"; };
		CDE602D02822133F00750288 /* DetailViewController.swift */ = {isa = PBXFileReference; lastKnownFileType = sourcecode.swift; path = DetailViewController.swift; sourceTree = "<group>"; };
		CDE602D2282214ED00750288 /* SearchViewPresenter.swift */ = {isa = PBXFileReference; lastKnownFileType = sourcecode.swift; path = SearchViewPresenter.swift; sourceTree = "<group>"; };
/* End PBXFileReference section */

/* Begin PBXFrameworksBuildPhase section */
		CDE60259281F677F00750288 /* Frameworks */ = {
			isa = PBXFrameworksBuildPhase;
			buildActionMask = 2147483647;
			files = (
			);
			runOnlyForDeploymentPostprocessing = 0;
		};
		CDE6026F281F678000750288 /* Frameworks */ = {
			isa = PBXFrameworksBuildPhase;
			buildActionMask = 2147483647;
			files = (
			);
			runOnlyForDeploymentPostprocessing = 0;
		};
/* End PBXFrameworksBuildPhase section */

/* Begin PBXGroup section */
		CDE60253281F677F00750288 = {
			isa = PBXGroup;
			children = (
				CDE6025E281F677F00750288 /* GifSearch */,
				CDE60275281F678000750288 /* GifSearchTests */,
				CDE6025D281F677F00750288 /* Products */,
			);
			sourceTree = "<group>";
		};
		CDE6025D281F677F00750288 /* Products */ = {
			isa = PBXGroup;
			children = (
				CDE6025C281F677F00750288 /* GifSearch.app */,
				CDE60272281F678000750288 /* GifSearchTests.xctest */,
			);
			name = Products;
			sourceTree = "<group>";
		};
		CDE6025E281F677F00750288 /* GifSearch */ = {
			isa = PBXGroup;
			children = (
				CDE60290281F695A00750288 /* Resource */,
				CDE6028F281F694F00750288 /* Source */,
			);
			path = GifSearch;
			sourceTree = "<group>";
		};
		CDE60275281F678000750288 /* GifSearchTests */ = {
			isa = PBXGroup;
			children = (
				CDE60276281F678000750288 /* GifSearchTests.swift */,
			);
			path = GifSearchTests;
			sourceTree = "<group>";
		};
		CDE6028F281F694F00750288 /* Source */ = {
			isa = PBXGroup;
			children = (
				CDE60292281F69DA00750288 /* AppStart */,
				CDE60293281F69E300750288 /* Presentation */,
				CDE602B8281F8AE600750288 /* Domain */,
				CDE6029B281F6DCC00750288 /* Data */,
				CDE60296281F6A9600750288 /* Infrastructure */,
				CDE602B3281F86B600750288 /* Helper */,
			);
			path = Source;
			sourceTree = "<group>";
		};
		CDE60290281F695A00750288 /* Resource */ = {
			isa = PBXGroup;
			children = (
				CDE602C1281F95B600750288 /* Config */,
				CDE60291281F698100750288 /* Supporting Files */,
				CDE60268281F677F00750288 /* Assets.xcassets */,
				CDE6026A281F677F00750288 /* LaunchScreen.storyboard */,
			);
			path = Resource;
			sourceTree = "<group>";
		};
		CDE60291281F698100750288 /* Supporting Files */ = {
			isa = PBXGroup;
			children = (
				CDE6026D281F677F00750288 /* Info.plist */,
			);
			path = "Supporting Files";
			sourceTree = "<group>";
		};
		CDE60292281F69DA00750288 /* AppStart */ = {
			isa = PBXGroup;
			children = (
				CDE6025F281F677F00750288 /* AppDelegate.swift */,
				CDE60261281F677F00750288 /* SceneDelegate.swift */,
			);
			path = AppStart;
			sourceTree = "<group>";
		};
		CDE60293281F69E300750288 /* Presentation */ = {
			isa = PBXGroup;
			children = (
				CDE602C82820CF3E00750288 /* BaseComponents */,
				CDE60294281F69EE00750288 /* Scenes */,
			);
			path = Presentation;
			sourceTree = "<group>";
		};
		CDE60294281F69EE00750288 /* Scenes */ = {
			isa = PBXGroup;
			children = (
				CDE602CF2822130F00750288 /* Detail */,
				CDE60295281F69F400750288 /* Search */,
			);
			path = Scenes;
			sourceTree = "<group>";
		};
		CDE60295281F69F400750288 /* Search */ = {
			isa = PBXGroup;
			children = (
				CDE602C5281FF31600750288 /* Views */,
				CDE60263281F677F00750288 /* SearchViewController.swift */,
				CDE602D2282214ED00750288 /* SearchViewPresenter.swift */,
				CDE602C3281FDE0300750288 /* SearchViewModel.swift */,
			);
			path = Search;
			sourceTree = "<group>";
		};
		CDE60296281F6A9600750288 /* Infrastructure */ = {
			isa = PBXGroup;
			children = (
				CDE602B0281F867B00750288 /* APIs */,
				CDE60297281F6AB700750288 /* NetworkManager.swift */,
				CDE60299281F6BB400750288 /* NetworkError.swift */,
			);
			path = Infrastructure;
			sourceTree = "<group>";
		};
		CDE6029B281F6DCC00750288 /* Data */ = {
			isa = PBXGroup;
			children = (
				CDE6029E281F6F4200750288 /* Entities */,
				CDE602AD281F858700750288 /* Repositories */,
			);
			path = Data;
			sourceTree = "<group>";
		};
		CDE6029E281F6F4200750288 /* Entities */ = {
			isa = PBXGroup;
			children = (
				CDE602AB281F852100750288 /* SearchRequest.swift */,
				CDE6029F281F6F6E00750288 /* SearchResponse.swift */,
				CDE602A1281F841E00750288 /* GIFData.swift */,
				CDE602A3281F843A00750288 /* User.swift */,
				CDE602A5281F847D00750288 /* MetaData.swift */,
				CDE602A9281F849500750288 /* PaginationInfo.swift */,
			);
			path = Entities;
			sourceTree = "<group>";
		};
		CDE602AD281F858700750288 /* Repositories */ = {
			isa = PBXGroup;
			children = (
				CDE602AE281F85A700750288 /* SearchRepository.swift */,
			);
			path = Repositories;
			sourceTree = "<group>";
		};
		CDE602B0281F867B00750288 /* APIs */ = {
			isa = PBXGroup;
			children = (
				CDE602B1281F868700750288 /* API.swift */,
				CDE602B6281F870200750288 /* SearchAPI.swift */,
			);
			path = APIs;
			sourceTree = "<group>";
		};
		CDE602B3281F86B600750288 /* Helper */ = {
			isa = PBXGroup;
			children = (
				CDE602B4281F86D900750288 /* Encodable + Ex.swift */,
				CDE602BF281F959600750288 /* Environment.swift */,
			);
			path = Helper;
			sourceTree = "<group>";
		};
		CDE602B8281F8AE600750288 /* Domain */ = {
			isa = PBXGroup;
			children = (
				CDE602B9281F8B0100750288 /* Models */,
				CDE602BC281F942F00750288 /* UseCases */,
			);
			path = Domain;
			sourceTree = "<group>";
		};
		CDE602B9281F8B0100750288 /* Models */ = {
			isa = PBXGroup;
			children = (
				CDE602BA281F8B1700750288 /* GIFModel.swift */,
			);
			path = Models;
			sourceTree = "<group>";
		};
		CDE602BC281F942F00750288 /* UseCases */ = {
			isa = PBXGroup;
			children = (
				CDE602BD281F945500750288 /* SearchUseCase.swift */,
			);
			path = UseCases;
			sourceTree = "<group>";
		};
		CDE602C1281F95B600750288 /* Config */ = {
			isa = PBXGroup;
			children = (
				CDE602C2281F95D300750288 /* Keys.xcconfig */,
			);
			path = Config;
			sourceTree = "<group>";
		};
		CDE602C5281FF31600750288 /* Views */ = {
			isa = PBXGroup;
			children = (
				CDE602C6281FF32700750288 /* GIFCell.swift */,
				CDE602CB2820E07200750288 /* DebounceSearchBar.swift */,
			);
			path = Views;
			sourceTree = "<group>";
		};
		CDE602C82820CF3E00750288 /* BaseComponents */ = {
			isa = PBXGroup;
			children = (
				CDE602CD2821068100750288 /* CachingImageView.swift */,
			);
			path = BaseComponents;
			sourceTree = "<group>";
		};
		CDE602CF2822130F00750288 /* Detail */ = {
			isa = PBXGroup;
			children = (
				CDE602D02822133F00750288 /* DetailViewController.swift */,
			);
			path = Detail;
			sourceTree = "<group>";
		};
/* End PBXGroup section */

/* Begin PBXNativeTarget section */
		CDE6025B281F677F00750288 /* GifSearch */ = {
			isa = PBXNativeTarget;
			buildConfigurationList = CDE60286281F678000750288 /* Build configuration list for PBXNativeTarget "GifSearch" */;
			buildPhases = (
				CDE60258281F677F00750288 /* Sources */,
				CDE60259281F677F00750288 /* Frameworks */,
				CDE6025A281F677F00750288 /* Resources */,
			);
			buildRules = (
			);
			dependencies = (
			);
			name = GifSearch;
			productName = GifSearch;
			productReference = CDE6025C281F677F00750288 /* GifSearch.app */;
			productType = "com.apple.product-type.application";
		};
		CDE60271281F678000750288 /* GifSearchTests */ = {
			isa = PBXNativeTarget;
			buildConfigurationList = CDE60289281F678000750288 /* Build configuration list for PBXNativeTarget "GifSearchTests" */;
			buildPhases = (
				CDE6026E281F678000750288 /* Sources */,
				CDE6026F281F678000750288 /* Frameworks */,
				CDE60270281F678000750288 /* Resources */,
			);
			buildRules = (
			);
			dependencies = (
				CDE60274281F678000750288 /* PBXTargetDependency */,
			);
			name = GifSearchTests;
			productName = GifSearchTests;
			productReference = CDE60272281F678000750288 /* GifSearchTests.xctest */;
			productType = "com.apple.product-type.bundle.unit-test";
		};
/* End PBXNativeTarget section */

/* Begin PBXProject section */
		CDE60254281F677F00750288 /* Project object */ = {
			isa = PBXProject;
			attributes = {
				BuildIndependentTargetsInParallel = 1;
				LastSwiftUpdateCheck = 1330;
				LastUpgradeCheck = 1330;
				TargetAttributes = {
					CDE6025B281F677F00750288 = {
						CreatedOnToolsVersion = 13.3.1;
					};
					CDE60271281F678000750288 = {
						CreatedOnToolsVersion = 13.3.1;
						TestTargetID = CDE6025B281F677F00750288;
					};
				};
			};
			buildConfigurationList = CDE60257281F677F00750288 /* Build configuration list for PBXProject "GifSearch" */;
			compatibilityVersion = "Xcode 13.0";
			developmentRegion = en;
			hasScannedForEncodings = 0;
			knownRegions = (
				en,
				Base,
			);
			mainGroup = CDE60253281F677F00750288;
			productRefGroup = CDE6025D281F677F00750288 /* Products */;
			projectDirPath = "";
			projectRoot = "";
			targets = (
				CDE6025B281F677F00750288 /* GifSearch */,
				CDE60271281F678000750288 /* GifSearchTests */,
			);
		};
/* End PBXProject section */

/* Begin PBXResourcesBuildPhase section */
		CDE6025A281F677F00750288 /* Resources */ = {
			isa = PBXResourcesBuildPhase;
			buildActionMask = 2147483647;
			files = (
				CDE6026C281F677F00750288 /* LaunchScreen.storyboard in Resources */,
				CDE60269281F677F00750288 /* Assets.xcassets in Resources */,
			);
			runOnlyForDeploymentPostprocessing = 0;
		};
		CDE60270281F678000750288 /* Resources */ = {
			isa = PBXResourcesBuildPhase;
			buildActionMask = 2147483647;
			files = (
			);
			runOnlyForDeploymentPostprocessing = 0;
		};
/* End PBXResourcesBuildPhase section */

/* Begin PBXSourcesBuildPhase section */
		CDE60258281F677F00750288 /* Sources */ = {
			isa = PBXSourcesBuildPhase;
			buildActionMask = 2147483647;
			files = (
				CDE602BB281F8B1700750288 /* GIFModel.swift in Sources */,
				CDE602B5281F86D900750288 /* Encodable + Ex.swift in Sources */,
				CDE602D12822133F00750288 /* DetailViewController.swift in Sources */,
				CDE602A2281F841E00750288 /* GIFData.swift in Sources */,
				CDE602AC281F852100750288 /* SearchRequest.swift in Sources */,
				CDE602C4281FDE0300750288 /* SearchViewModel.swift in Sources */,
				CDE60298281F6AB700750288 /* NetworkManager.swift in Sources */,
				CDE602AF281F85A700750288 /* SearchRepository.swift in Sources */,
				CDE602B7281F870200750288 /* SearchAPI.swift in Sources */,
				CDE602A0281F6F6E00750288 /* SearchResponse.swift in Sources */,
				CDE602CC2820E07200750288 /* DebounceSearchBar.swift in Sources */,
				CDE60264281F677F00750288 /* SearchViewController.swift in Sources */,
				CDE602A4281F843A00750288 /* User.swift in Sources */,
				CDE602D3282214ED00750288 /* SearchViewPresenter.swift in Sources */,
				CDE602AA281F849500750288 /* PaginationInfo.swift in Sources */,
				CDE602B2281F868700750288 /* API.swift in Sources */,
				CDE602BE281F945500750288 /* SearchUseCase.swift in Sources */,
				CDE602C0281F959600750288 /* Environment.swift in Sources */,
				CDE602A6281F847D00750288 /* MetaData.swift in Sources */,
				CDE60260281F677F00750288 /* AppDelegate.swift in Sources */,
				CDE60262281F677F00750288 /* SceneDelegate.swift in Sources */,
				CDE602CE2821068100750288 /* CachingImageView.swift in Sources */,
				CDE602C7281FF32700750288 /* GIFCell.swift in Sources */,
				CDE6029A281F6BB400750288 /* NetworkError.swift in Sources */,
			);
			runOnlyForDeploymentPostprocessing = 0;
		};
		CDE6026E281F678000750288 /* Sources */ = {
			isa = PBXSourcesBuildPhase;
			buildActionMask = 2147483647;
			files = (
				CDE60277281F678000750288 /* GifSearchTests.swift in Sources */,
			);
			runOnlyForDeploymentPostprocessing = 0;
		};
/* End PBXSourcesBuildPhase section */

/* Begin PBXTargetDependency section */
		CDE60274281F678000750288 /* PBXTargetDependency */ = {
			isa = PBXTargetDependency;
			target = CDE6025B281F677F00750288 /* GifSearch */;
			targetProxy = CDE60273281F678000750288 /* PBXContainerItemProxy */;
		};
/* End PBXTargetDependency section */

/* Begin PBXVariantGroup section */
		CDE6026A281F677F00750288 /* LaunchScreen.storyboard */ = {
			isa = PBXVariantGroup;
			children = (
				CDE6026B281F677F00750288 /* Base */,
			);
			name = LaunchScreen.storyboard;
			sourceTree = "<group>";
		};
/* End PBXVariantGroup section */

/* Begin XCBuildConfiguration section */
		CDE60284281F678000750288 /* Debug */ = {
			isa = XCBuildConfiguration;
			baseConfigurationReference = CDE602C2281F95D300750288 /* Keys.xcconfig */;
			buildSettings = {
				ALWAYS_SEARCH_USER_PATHS = NO;
				CLANG_ANALYZER_NONNULL = YES;
				CLANG_ANALYZER_NUMBER_OBJECT_CONVERSION = YES_AGGRESSIVE;
				CLANG_CXX_LANGUAGE_STANDARD = "gnu++17";
				CLANG_ENABLE_MODULES = YES;
				CLANG_ENABLE_OBJC_ARC = YES;
				CLANG_ENABLE_OBJC_WEAK = YES;
				CLANG_WARN_BLOCK_CAPTURE_AUTORELEASING = YES;
				CLANG_WARN_BOOL_CONVERSION = YES;
				CLANG_WARN_COMMA = YES;
				CLANG_WARN_CONSTANT_CONVERSION = YES;
				CLANG_WARN_DEPRECATED_OBJC_IMPLEMENTATIONS = YES;
				CLANG_WARN_DIRECT_OBJC_ISA_USAGE = YES_ERROR;
				CLANG_WARN_DOCUMENTATION_COMMENTS = YES;
				CLANG_WARN_EMPTY_BODY = YES;
				CLANG_WARN_ENUM_CONVERSION = YES;
				CLANG_WARN_INFINITE_RECURSION = YES;
				CLANG_WARN_INT_CONVERSION = YES;
				CLANG_WARN_NON_LITERAL_NULL_CONVERSION = YES;
				CLANG_WARN_OBJC_IMPLICIT_RETAIN_SELF = YES;
				CLANG_WARN_OBJC_LITERAL_CONVERSION = YES;
				CLANG_WARN_OBJC_ROOT_CLASS = YES_ERROR;
				CLANG_WARN_QUOTED_INCLUDE_IN_FRAMEWORK_HEADER = YES;
				CLANG_WARN_RANGE_LOOP_ANALYSIS = YES;
				CLANG_WARN_STRICT_PROTOTYPES = YES;
				CLANG_WARN_SUSPICIOUS_MOVE = YES;
				CLANG_WARN_UNGUARDED_AVAILABILITY = YES_AGGRESSIVE;
				CLANG_WARN_UNREACHABLE_CODE = YES;
				CLANG_WARN__DUPLICATE_METHOD_MATCH = YES;
				COPY_PHASE_STRIP = NO;
				DEBUG_INFORMATION_FORMAT = dwarf;
				ENABLE_STRICT_OBJC_MSGSEND = YES;
				ENABLE_TESTABILITY = YES;
				GCC_C_LANGUAGE_STANDARD = gnu11;
				GCC_DYNAMIC_NO_PIC = NO;
				GCC_NO_COMMON_BLOCKS = YES;
				GCC_OPTIMIZATION_LEVEL = 0;
				GCC_PREPROCESSOR_DEFINITIONS = (
					"DEBUG=1",
					"$(inherited)",
				);
				GCC_WARN_64_TO_32_BIT_CONVERSION = YES;
				GCC_WARN_ABOUT_RETURN_TYPE = YES_ERROR;
				GCC_WARN_UNDECLARED_SELECTOR = YES;
				GCC_WARN_UNINITIALIZED_AUTOS = YES_AGGRESSIVE;
				GCC_WARN_UNUSED_FUNCTION = YES;
				GCC_WARN_UNUSED_VARIABLE = YES;
				IPHONEOS_DEPLOYMENT_TARGET = 13.0;
				MTL_ENABLE_DEBUG_INFO = INCLUDE_SOURCE;
				MTL_FAST_MATH = YES;
				ONLY_ACTIVE_ARCH = YES;
				SDKROOT = iphoneos;
				SWIFT_ACTIVE_COMPILATION_CONDITIONS = DEBUG;
				SWIFT_OPTIMIZATION_LEVEL = "-Onone";
			};
			name = Debug;
		};
		CDE60285281F678000750288 /* Release */ = {
			isa = XCBuildConfiguration;
			baseConfigurationReference = CDE602C2281F95D300750288 /* Keys.xcconfig */;
			buildSettings = {
				ALWAYS_SEARCH_USER_PATHS = NO;
				CLANG_ANALYZER_NONNULL = YES;
				CLANG_ANALYZER_NUMBER_OBJECT_CONVERSION = YES_AGGRESSIVE;
				CLANG_CXX_LANGUAGE_STANDARD = "gnu++17";
				CLANG_ENABLE_MODULES = YES;
				CLANG_ENABLE_OBJC_ARC = YES;
				CLANG_ENABLE_OBJC_WEAK = YES;
				CLANG_WARN_BLOCK_CAPTURE_AUTORELEASING = YES;
				CLANG_WARN_BOOL_CONVERSION = YES;
				CLANG_WARN_COMMA = YES;
				CLANG_WARN_CONSTANT_CONVERSION = YES;
				CLANG_WARN_DEPRECATED_OBJC_IMPLEMENTATIONS = YES;
				CLANG_WARN_DIRECT_OBJC_ISA_USAGE = YES_ERROR;
				CLANG_WARN_DOCUMENTATION_COMMENTS = YES;
				CLANG_WARN_EMPTY_BODY = YES;
				CLANG_WARN_ENUM_CONVERSION = YES;
				CLANG_WARN_INFINITE_RECURSION = YES;
				CLANG_WARN_INT_CONVERSION = YES;
				CLANG_WARN_NON_LITERAL_NULL_CONVERSION = YES;
				CLANG_WARN_OBJC_IMPLICIT_RETAIN_SELF = YES;
				CLANG_WARN_OBJC_LITERAL_CONVERSION = YES;
				CLANG_WARN_OBJC_ROOT_CLASS = YES_ERROR;
				CLANG_WARN_QUOTED_INCLUDE_IN_FRAMEWORK_HEADER = YES;
				CLANG_WARN_RANGE_LOOP_ANALYSIS = YES;
				CLANG_WARN_STRICT_PROTOTYPES = YES;
				CLANG_WARN_SUSPICIOUS_MOVE = YES;
				CLANG_WARN_UNGUARDED_AVAILABILITY = YES_AGGRESSIVE;
				CLANG_WARN_UNREACHABLE_CODE = YES;
				CLANG_WARN__DUPLICATE_METHOD_MATCH = YES;
				COPY_PHASE_STRIP = NO;
				DEBUG_INFORMATION_FORMAT = "dwarf-with-dsym";
				ENABLE_NS_ASSERTIONS = NO;
				ENABLE_STRICT_OBJC_MSGSEND = YES;
				GCC_C_LANGUAGE_STANDARD = gnu11;
				GCC_NO_COMMON_BLOCKS = YES;
				GCC_WARN_64_TO_32_BIT_CONVERSION = YES;
				GCC_WARN_ABOUT_RETURN_TYPE = YES_ERROR;
				GCC_WARN_UNDECLARED_SELECTOR = YES;
				GCC_WARN_UNINITIALIZED_AUTOS = YES_AGGRESSIVE;
				GCC_WARN_UNUSED_FUNCTION = YES;
				GCC_WARN_UNUSED_VARIABLE = YES;
				IPHONEOS_DEPLOYMENT_TARGET = 13.0;
				MTL_ENABLE_DEBUG_INFO = NO;
				MTL_FAST_MATH = YES;
				SDKROOT = iphoneos;
				SWIFT_COMPILATION_MODE = wholemodule;
				SWIFT_OPTIMIZATION_LEVEL = "-O";
				VALIDATE_PRODUCT = YES;
			};
			name = Release;
		};
		CDE60287281F678000750288 /* Debug */ = {
			isa = XCBuildConfiguration;
			buildSettings = {
				ASSETCATALOG_COMPILER_APPICON_NAME = AppIcon;
				ASSETCATALOG_COMPILER_GLOBAL_ACCENT_COLOR_NAME = AccentColor;
				CODE_SIGN_STYLE = Automatic;
				CURRENT_PROJECT_VERSION = 1;
				DEVELOPMENT_TEAM = YJQB4DVQ35;
				GENERATE_INFOPLIST_FILE = YES;
				INFOPLIST_FILE = "GifSearch/Resource/Supporting Files/Info.plist";
				INFOPLIST_KEY_UIApplicationSupportsIndirectInputEvents = YES;
				INFOPLIST_KEY_UILaunchStoryboardName = LaunchScreen;
				INFOPLIST_KEY_UISupportedInterfaceOrientations = UIInterfaceOrientationPortrait;
				INFOPLIST_KEY_UISupportedInterfaceOrientations_iPad = "UIInterfaceOrientationPortrait UIInterfaceOrientationPortraitUpsideDown UIInterfaceOrientationLandscapeLeft UIInterfaceOrientationLandscapeRight";
				INFOPLIST_KEY_UISupportedInterfaceOrientations_iPhone = "UIInterfaceOrientationPortrait UIInterfaceOrientationLandscapeLeft UIInterfaceOrientationLandscapeRight";
				IPHONEOS_DEPLOYMENT_TARGET = 13.0;
				LD_RUNPATH_SEARCH_PATHS = (
					"$(inherited)",
					"@executable_path/Frameworks",
				);
				MARKETING_VERSION = 1.0;
				PRODUCT_BUNDLE_IDENTIFIER = com.wannagohome.GifSearch;
				PRODUCT_NAME = "$(TARGET_NAME)";
				SWIFT_EMIT_LOC_STRINGS = YES;
				SWIFT_VERSION = 5.0;
				TARGETED_DEVICE_FAMILY = 1;
			};
			name = Debug;
		};
		CDE60288281F678000750288 /* Release */ = {
			isa = XCBuildConfiguration;
			buildSettings = {
				ASSETCATALOG_COMPILER_APPICON_NAME = AppIcon;
				ASSETCATALOG_COMPILER_GLOBAL_ACCENT_COLOR_NAME = AccentColor;
				CODE_SIGN_STYLE = Automatic;
				CURRENT_PROJECT_VERSION = 1;
				DEVELOPMENT_TEAM = YJQB4DVQ35;
				GENERATE_INFOPLIST_FILE = YES;
				INFOPLIST_FILE = "GifSearch/Resource/Supporting Files/Info.plist";
				INFOPLIST_KEY_UIApplicationSupportsIndirectInputEvents = YES;
				INFOPLIST_KEY_UILaunchStoryboardName = LaunchScreen;
				INFOPLIST_KEY_UISupportedInterfaceOrientations = UIInterfaceOrientationPortrait;
				INFOPLIST_KEY_UISupportedInterfaceOrientations_iPad = "UIInterfaceOrientationPortrait UIInterfaceOrientationPortraitUpsideDown UIInterfaceOrientationLandscapeLeft UIInterfaceOrientationLandscapeRight";
				INFOPLIST_KEY_UISupportedInterfaceOrientations_iPhone = "UIInterfaceOrientationPortrait UIInterfaceOrientationLandscapeLeft UIInterfaceOrientationLandscapeRight";
				IPHONEOS_DEPLOYMENT_TARGET = 13.0;
				LD_RUNPATH_SEARCH_PATHS = (
					"$(inherited)",
					"@executable_path/Frameworks",
				);
				MARKETING_VERSION = 1.0;
				PRODUCT_BUNDLE_IDENTIFIER = com.wannagohome.GifSearch;
				PRODUCT_NAME = "$(TARGET_NAME)";
				SWIFT_EMIT_LOC_STRINGS = YES;
				SWIFT_VERSION = 5.0;
				TARGETED_DEVICE_FAMILY = 1;
			};
			name = Release;
		};
		CDE6028A281F678000750288 /* Debug */ = {
			isa = XCBuildConfiguration;
			buildSettings = {
				ALWAYS_EMBED_SWIFT_STANDARD_LIBRARIES = YES;
				BUNDLE_LOADER = "$(TEST_HOST)";
				CODE_SIGN_STYLE = Automatic;
				CURRENT_PROJECT_VERSION = 1;
				DEVELOPMENT_TEAM = YJQB4DVQ35;
				GENERATE_INFOPLIST_FILE = YES;
				IPHONEOS_DEPLOYMENT_TARGET = 15.4;
				MARKETING_VERSION = 1.0;
				PRODUCT_BUNDLE_IDENTIFIER = com.wannagohome.GifSearchTests;
				PRODUCT_NAME = "$(TARGET_NAME)";
				SWIFT_EMIT_LOC_STRINGS = NO;
				SWIFT_VERSION = 5.0;
				TARGETED_DEVICE_FAMILY = "1,2";
				TEST_HOST = "$(BUILT_PRODUCTS_DIR)/GifSearch.app/GifSearch";
			};
			name = Debug;
		};
		CDE6028B281F678000750288 /* Release */ = {
			isa = XCBuildConfiguration;
			buildSettings = {
				ALWAYS_EMBED_SWIFT_STANDARD_LIBRARIES = YES;
				BUNDLE_LOADER = "$(TEST_HOST)";
				CODE_SIGN_STYLE = Automatic;
				CURRENT_PROJECT_VERSION = 1;
				DEVELOPMENT_TEAM = YJQB4DVQ35;
				GENERATE_INFOPLIST_FILE = YES;
				IPHONEOS_DEPLOYMENT_TARGET = 15.4;
				MARKETING_VERSION = 1.0;
				PRODUCT_BUNDLE_IDENTIFIER = com.wannagohome.GifSearchTests;
				PRODUCT_NAME = "$(TARGET_NAME)";
				SWIFT_EMIT_LOC_STRINGS = NO;
				SWIFT_VERSION = 5.0;
				TARGETED_DEVICE_FAMILY = "1,2";
				TEST_HOST = "$(BUILT_PRODUCTS_DIR)/GifSearch.app/GifSearch";
			};
			name = Release;
		};
/* End XCBuildConfiguration section */

/* Begin XCConfigurationList section */
		CDE60257281F677F00750288 /* Build configuration list for PBXProject "GifSearch" */ = {
			isa = XCConfigurationList;
			buildConfigurations = (
				CDE60284281F678000750288 /* Debug */,
				CDE60285281F678000750288 /* Release */,
			);
			defaultConfigurationIsVisible = 0;
			defaultConfigurationName = Release;
		};
		CDE60286281F678000750288 /* Build configuration list for PBXNativeTarget "GifSearch" */ = {
			isa = XCConfigurationList;
			buildConfigurations = (
				CDE60287281F678000750288 /* Debug */,
				CDE60288281F678000750288 /* Release */,
			);
			defaultConfigurationIsVisible = 0;
			defaultConfigurationName = Release;
		};
		CDE60289281F678000750288 /* Build configuration list for PBXNativeTarget "GifSearchTests" */ = {
			isa = XCConfigurationList;
			buildConfigurations = (
				CDE6028A281F678000750288 /* Debug */,
				CDE6028B281F678000750288 /* Release */,
			);
			defaultConfigurationIsVisible = 0;
			defaultConfigurationName = Release;
		};
/* End XCConfigurationList section */
	};
	rootObject = CDE60254281F677F00750288 /* Project object */;
}
